
Microsoft Visual Studio Solution File, Format Version 12.00
# Visual Studio Version 16
VisualStudioVersion = 16.0.34931.43
MinimumVisualStudioVersion = 10.0.40219.1
Project("{FAE04EC0-301F-11D3-BF4B-00C04F79EFBC}") = "MVC_EST", "MVC_EST\MVC_EST.csproj", "{63A3676F-5D39-4261-AA3A-8D4C7B8785D0}"
EndProject
Global
	GlobalSection(SolutionConfigurationPlatforms) = preSolution
		Debug|Any CPU = Debug|Any CPU
		Release|Any CPU = Release|Any CPU
	EndGlobalSection
	GlobalSection(ProjectConfigurationPlatforms) = postSolution
		{63A3676F-5D39-4261-AA3A-8D4C7B8785D0}.Debug|Any CPU.ActiveCfg = Debug|Any CPU
		{63A3676F-5D39-4261-AA3A-8D4C7B8785D0}.Debug|Any CPU.Build.0 = Debug|Any CPU
		{63A3676F-5D39-4261-AA3A-8D4C7B8785D0}.Release|Any CPU.ActiveCfg = Release|Any CPU
		{63A3676F-5D39-4261-AA3A-8D4C7B8785D0}.Release|Any CPU.Build.0 = Release|Any CPU
	EndGlobalSection
	GlobalSection(SolutionProperties) = preSolution
		HideSolutionNode = FALSE
	EndGlobalSection
	GlobalSection(ExtensibilityGlobals) = postSolution
		SolutionGuid = {9DBB0DDA-3493-4F0F-B8EF-93DA9C17566F}
	EndGlobalSection
EndGlobal
